
Microsoft Visual Studio Solution File, Format Version 12.00
# Visual Studio Version 16
VisualStudioVersion = 16.0.31515.178
MinimumVisualStudioVersion = 10.0.40219.1
Project("{FAE04EC0-301F-11D3-BF4B-00C04F79EFBC}") = "SQLChallenges", "SQLChallenges\SQLChallenges.csproj", "{5409D140-6CEE-4821-B8C1-757B19C64091}"
EndProject
Global
	GlobalSection(SolutionConfigurationPlatforms) = preSolution
		Debug|Any CPU = Debug|Any CPU
		Release|Any CPU = Release|Any CPU
	EndGlobalSection
	GlobalSection(ProjectConfigurationPlatforms) = postSolution
		{5409D140-6CEE-4821-B8C1-757B19C64091}.Debug|Any CPU.ActiveCfg = Debug|Any CPU
		{5409D140-6CEE-4821-B8C1-757B19C64091}.Debug|Any CPU.Build.0 = Debug|Any CPU
		{5409D140-6CEE-4821-B8C1-757B19C64091}.Release|Any CPU.ActiveCfg = Release|Any CPU
		{5409D140-6CEE-4821-B8C1-757B19C64091}.Release|Any CPU.Build.0 = Release|Any CPU
	EndGlobalSection
	GlobalSection(SolutionProperties) = preSolution
		HideSolutionNode = FALSE
	EndGlobalSection
	GlobalSection(ExtensibilityGlobals) = postSolution
		SolutionGuid = {240F5D31-F384-434E-BC84-FE6AB7228DE8}
	EndGlobalSection
EndGlobal
